Microsoft Visual Studio Solution File, Format Version 12.00
# Visual Studio Version 17
VisualStudioVersion = 17.8.0.0
MinimumVisualStudioVersion = 17.8.0.0
Project("{9A19103F-16F7-4668-BE54-9A1E7A4F7556}") = "MyApp.AppHost", "src\MyApp.AppHost\MyApp.AppHost.csproj", "{FD192BCD-A842-4EDD-96F7-6ADE4401FF0A}"
EndProject
Project("{9A19103F-16F7-4668-BE54-9A1E7A4F7556}") = "MyApp.ServiceDefaults", "src\MyApp.ServiceDefaults\MyApp.ServiceDefaults.csproj", "{51284EA4-F410-4561-B06F-699DE156D241}"
EndProject
Project("{9A19103F-16F7-4668-BE54-9A1E7A4F7556}") = "MyApp.Api", "src\MyApp.Api\MyApp.Api.csproj", "{62508A1C-863D-4970-A109-F9766F4FB5C7}"
EndProject
Project("{FAE04EC0-301F-11D3-BF4B-00C04F79EFBC}") = "MyApp.Worker", "src\MyApp.Worker\MyApp.Worker.csproj", "{6F89111C-DD14-4426-8E76-16D6E77965A0}"
EndProject
Project("{FAE04EC0-301F-11D3-BF4B-00C04F79EFBC}") = "MyApp.UnitTests", "tests\MyApp.UnitTests\MyApp.UnitTests.csproj", "{1D3DC2B3-445F-4B6F-9F2B-583B9DE6622D}"
EndProject
Project("{FAE04EC0-301F-11D3-BF4B-00C04F79EFBC}") = "MyApp.IntegrationTests", "tests\MyApp.IntegrationTests\MyApp.IntegrationTests.csproj", "{2B77EB59-8E59-49C9-8021-ACE9A62B9139}"
EndProject
Project("{2150E333-8FDC-42A3-9474-1A3956D46DE8}") = "src", "src", "{D12F4E36-C187-4766-AC1A-FCF7ADB13A75}"
EndProject
Project("{2150E333-8FDC-42A3-9474-1A3956D46DE8}") = "tests", "tests", "{4D47866A-9041-430A-A531-EA2958E58F89}"
EndProject
Global
	GlobalSection(SolutionConfigurationPlatforms) = preSolution
		Debug|Any CPU = Debug|Any CPU
		Release|Any CPU = Release|Any CPU
	EndGlobalSection
	GlobalSection(ProjectConfigurationPlatforms) = postSolution
		{FD192BCD-A842-4EDD-96F7-6ADE4401FF0A}.Debug|Any CPU.ActiveCfg = Debug|Any CPU
		{FD192BCD-A842-4EDD-96F7-6ADE4401FF0A}.Debug|Any CPU.Build.0 = Debug|Any CPU
		{FD192BCD-A842-4EDD-96F7-6ADE4401FF0A}.Release|Any CPU.ActiveCfg = Release|Any CPU
		{FD192BCD-A842-4EDD-96F7-6ADE4401FF0A}.Release|Any CPU.Build.0 = Release|Any CPU
		{51284EA4-F410-4561-B06F-699DE156D241}.Debug|Any CPU.ActiveCfg = Debug|Any CPU
		{51284EA4-F410-4561-B06F-699DE156D241}.Debug|Any CPU.Build.0 = Debug|Any CPU
		{51284EA4-F410-4561-B06F-699DE156D241}.Release|Any CPU.ActiveCfg = Release|Any CPU
		{51284EA4-F410-4561-B06F-699DE156D241}.Release|Any CPU.Build.0 = Release|Any CPU
		{62508A1C-863D-4970-A109-F9766F4FB5C7}.Debug|Any CPU.ActiveCfg = Debug|Any CPU
		{62508A1C-863D-4970-A109-F9766F4FB5C7}.Debug|Any CPU.Build.0 = Debug|Any CPU
		{62508A1C-863D-4970-A109-F9766F4FB5C7}.Release|Any CPU.ActiveCfg = Release|Any CPU
		{62508A1C-863D-4970-A109-F9766F4FB5C7}.Release|Any CPU.Build.0 = Release|Any CPU
		{6F89111C-DD14-4426-8E76-16D6E77965A0}.Debug|Any CPU.ActiveCfg = Debug|Any CPU
		{6F89111C-DD14-4426-8E76-16D6E77965A0}.Debug|Any CPU.Build.0 = Debug|Any CPU
		{6F89111C-DD14-4426-8E76-16D6E77965A0}.Release|Any CPU.ActiveCfg = Release|Any CPU
		{6F89111C-DD14-4426-8E76-16D6E77965A0}.Release|Any CPU.Build.0 = Release|Any CPU
		{1D3DC2B3-445F-4B6F-9F2B-583B9DE6622D}.Debug|Any CPU.ActiveCfg = Debug|Any CPU
		{1D3DC2B3-445F-4B6F-9F2B-583B9DE6622D}.Debug|Any CPU.Build.0 = Debug|Any CPU
		{1D3DC2B3-445F-4B6F-9F2B-583B9DE6622D}.Release|Any CPU.ActiveCfg = Release|Any CPU
		{1D3DC2B3-445F-4B6F-9F2B-583B9DE6622D}.Release|Any CPU.Build.0 = Release|Any CPU
		{2B77EB59-8E59-49C9-8021-ACE9A62B9139}.Debug|Any CPU.ActiveCfg = Debug|Any CPU
		{2B77EB59-8E59-49C9-8021-ACE9A62B9139}.Debug|Any CPU.Build.0 = Debug|Any CPU
		{2B77EB59-8E59-49C9-8021-ACE9A62B9139}.Release|Any CPU.ActiveCfg = Release|Any CPU
		{2B77EB59-8E59-49C9-8021-ACE9A62B9139}.Release|Any CPU.Build.0 = Release|Any CPU
	EndGlobalSection
	GlobalSection(SolutionProperties) = preSolution
		HideSolutionNode = FALSE
	EndGlobalSection
	GlobalSection(ExtensibilityGlobals) = postSolution
		SolutionGuid = {3DADB8E1-FA96-4CF6-BCF8-C26E1DD04A9C}
	EndGlobalSection
	GlobalSection(NestedProjects) = preSolution
		{62508A1C-863D-4970-A109-F9766F4FB5C7} = {D12F4E36-C187-4766-AC1A-FCF7ADB13A75}
		{FD192BCD-A842-4EDD-96F7-6ADE4401FF0A} = {D12F4E36-C187-4766-AC1A-FCF7ADB13A75}
		{51284EA4-F410-4561-B06F-699DE156D241} = {D12F4E36-C187-4766-AC1A-FCF7ADB13A75}
		{6F89111C-DD14-4426-8E76-16D6E77965A0} = {D12F4E36-C187-4766-AC1A-FCF7ADB13A75}
		{2B77EB59-8E59-49C9-8021-ACE9A62B9139} = {4D47866A-9041-430A-A531-EA2958E58F89}
		{1D3DC2B3-445F-4B6F-9F2B-583B9DE6622D} = {4D47866A-9041-430A-A531-EA2958E58F89}
	EndGlobalSection
EndGlobal
